
Microsoft Visual Studio Solution File, Format Version 12.00
# Visual Studio Version 16
VisualStudioVersion = 16.0.29806.167
MinimumVisualStudioVersion = 10.0.40219.1
Project("{9A19103F-16F7-4668-BE54-9A1E7A4F7556}") = "MP01", "MP01\MP01.csproj", "{3F4B7B27-6A28-473A-AC1C-E3EBE6B29B89}"
EndProject
Project("{9A19103F-16F7-4668-BE54-9A1E7A4F7556}") = "MP01-ConsoleApp", "MP01-ConsoleApp\MP01-ConsoleApp.csproj", "{094FB4AF-0282-44E6-99DA-311C17DF5C3A}"
EndProject
Project("{9A19103F-16F7-4668-BE54-9A1E7A4F7556}") = "MP02", "MP02\MP02.csproj", "{0417680B-F4BB-47A4-BEF9-D7448F453052}"
EndProject
Project("{9A19103F-16F7-4668-BE54-9A1E7A4F7556}") = "MP02-ConsoleApp", "MP02-ConsoleApp\MP02-ConsoleApp.csproj", "{CE4CB7A2-17C8-4602-9BEF-4BE6ED37260E}"
EndProject
Project("{2150E333-8FDC-42A3-9474-1A3956D46DE8}") = "Solution Items", "Solution Items", "{66E0AEC5-B847-4C01-9230-91D7E33DDC3F}"
	ProjectSection(SolutionItems) = preProject
		.editorconfig = .editorconfig
	EndProjectSection
EndProject
Project("{9A19103F-16F7-4668-BE54-9A1E7A4F7556}") = "MP03", "MP03\MP03.csproj", "{0FA65667-5EF5-48C6-B514-D6C30BCD6720}"
EndProject
Project("{9A19103F-16F7-4668-BE54-9A1E7A4F7556}") = "MP03-ConsoleApp", "MP03-ConsoleApp\MP03-ConsoleApp.csproj", "{83228E4E-660B-44A5-B050-D659FB2D2C28}"
EndProject
Project("{9A19103F-16F7-4668-BE54-9A1E7A4F7556}") = "Projekt_Koncowy_CL", "Projekt_Koncowy_CL\Projekt_Koncowy_CL.csproj", "{D5E4B2CD-4B6C-4F9D-8D89-87AC8CCA8A15}"
EndProject
Project("{9A19103F-16F7-4668-BE54-9A1E7A4F7556}") = "Projekt_Koncowy_GUI", "Projekt_Koncowy_GUI\Projekt_Koncowy_GUI.csproj", "{6A87694B-B3C9-46EB-9B53-06975C9F05E6}"
EndProject
Project("{FAE04EC0-301F-11D3-BF4B-00C04F79EFBC}") = "ZPR-7", "ZPR-7\ZPR-7.csproj", "{2FD07723-1D90-43C5-9DE9-40CCA35D2446}"
EndProject
Project("{FAE04EC0-301F-11D3-BF4B-00C04F79EFBC}") = "ZPR-7-CL", "ZPR-7-CL\ZPR-7-CL.csproj", "{B1845345-0CD0-423B-B5A6-92D2694DAE60}"
EndProject
Global
	GlobalSection(SolutionConfigurationPlatforms) = preSolution
		Debug|Any CPU = Debug|Any CPU
		Release|Any CPU = Release|Any CPU
	EndGlobalSection
	GlobalSection(ProjectConfigurationPlatforms) = postSolution
		{3F4B7B27-6A28-473A-AC1C-E3EBE6B29B89}.Debug|Any CPU.ActiveCfg = Debug|Any CPU
		{3F4B7B27-6A28-473A-AC1C-E3EBE6B29B89}.Debug|Any CPU.Build.0 = Debug|Any CPU
		{3F4B7B27-6A28-473A-AC1C-E3EBE6B29B89}.Release|Any CPU.ActiveCfg = Release|Any CPU
		{3F4B7B27-6A28-473A-AC1C-E3EBE6B29B89}.Release|Any CPU.Build.0 = Release|Any CPU
		{094FB4AF-0282-44E6-99DA-311C17DF5C3A}.Debug|Any CPU.ActiveCfg = Debug|Any CPU
		{094FB4AF-0282-44E6-99DA-311C17DF5C3A}.Debug|Any CPU.Build.0 = Debug|Any CPU
		{094FB4AF-0282-44E6-99DA-311C17DF5C3A}.Release|Any CPU.ActiveCfg = Release|Any CPU
		{094FB4AF-0282-44E6-99DA-311C17DF5C3A}.Release|Any CPU.Build.0 = Release|Any CPU
		{0417680B-F4BB-47A4-BEF9-D7448F453052}.Debug|Any CPU.ActiveCfg = Debug|Any CPU
		{0417680B-F4BB-47A4-BEF9-D7448F453052}.Debug|Any CPU.Build.0 = Debug|Any CPU
		{0417680B-F4BB-47A4-BEF9-D7448F453052}.Release|Any CPU.ActiveCfg = Release|Any CPU
		{0417680B-F4BB-47A4-BEF9-D7448F453052}.Release|Any CPU.Build.0 = Release|Any CPU
		{CE4CB7A2-17C8-4602-9BEF-4BE6ED37260E}.Debug|Any CPU.ActiveCfg = Debug|Any CPU
		{CE4CB7A2-17C8-4602-9BEF-4BE6ED37260E}.Debug|Any CPU.Build.0 = Debug|Any CPU
		{CE4CB7A2-17C8-4602-9BEF-4BE6ED37260E}.Release|Any CPU.ActiveCfg = Release|Any CPU
		{CE4CB7A2-17C8-4602-9BEF-4BE6ED37260E}.Release|Any CPU.Build.0 = Release|Any CPU
		{0FA65667-5EF5-48C6-B514-D6C30BCD6720}.Debug|Any CPU.ActiveCfg = Debug|Any CPU
		{0FA65667-5EF5-48C6-B514-D6C30BCD6720}.Debug|Any CPU.Build.0 = Debug|Any CPU
		{0FA65667-5EF5-48C6-B514-D6C30BCD6720}.Release|Any CPU.ActiveCfg = Release|Any CPU
		{0FA65667-5EF5-48C6-B514-D6C30BCD6720}.Release|Any CPU.Build.0 = Release|Any CPU
		{83228E4E-660B-44A5-B050-D659FB2D2C28}.Debug|Any CPU.ActiveCfg = Debug|Any CPU
		{83228E4E-660B-44A5-B050-D659FB2D2C28}.Debug|Any CPU.Build.0 = Debug|Any CPU
		{83228E4E-660B-44A5-B050-D659FB2D2C28}.Release|Any CPU.ActiveCfg = Release|Any CPU
		{83228E4E-660B-44A5-B050-D659FB2D2C28}.Release|Any CPU.Build.0 = Release|Any CPU
		{D5E4B2CD-4B6C-4F9D-8D89-87AC8CCA8A15}.Debug|Any CPU.ActiveCfg = Debug|Any CPU
		{D5E4B2CD-4B6C-4F9D-8D89-87AC8CCA8A15}.Debug|Any CPU.Build.0 = Debug|Any CPU
		{D5E4B2CD-4B6C-4F9D-8D89-87AC8CCA8A15}.Release|Any CPU.ActiveCfg = Release|Any CPU
		{D5E4B2CD-4B6C-4F9D-8D89-87AC8CCA8A15}.Release|Any CPU.Build.0 = Release|Any CPU
		{6A87694B-B3C9-46EB-9B53-06975C9F05E6}.Debug|Any CPU.ActiveCfg = Debug|Any CPU
		{6A87694B-B3C9-46EB-9B53-06975C9F05E6}.Debug|Any CPU.Build.0 = Debug|Any CPU
		{6A87694B-B3C9-46EB-9B53-06975C9F05E6}.Release|Any CPU.ActiveCfg = Release|Any CPU
		{6A87694B-B3C9-46EB-9B53-06975C9F05E6}.Release|Any CPU.Build.0 = Release|Any CPU
		{2FD07723-1D90-43C5-9DE9-40CCA35D2446}.Debug|Any CPU.ActiveCfg = Debug|Any CPU
		{2FD07723-1D90-43C5-9DE9-40CCA35D2446}.Debug|Any CPU.Build.0 = Debug|Any CPU
		{2FD07723-1D90-43C5-9DE9-40CCA35D2446}.Release|Any CPU.ActiveCfg = Release|Any CPU
		{2FD07723-1D90-43C5-9DE9-40CCA35D2446}.Release|Any CPU.Build.0 = Release|Any CPU
		{B1845345-0CD0-423B-B5A6-92D2694DAE60}.Debug|Any CPU.ActiveCfg = Debug|Any CPU
		{B1845345-0CD0-423B-B5A6-92D2694DAE60}.Debug|Any CPU.Build.0 = Debug|Any CPU
		{B1845345-0CD0-423B-B5A6-92D2694DAE60}.Release|Any CPU.ActiveCfg = Release|Any CPU
		{B1845345-0CD0-423B-B5A6-92D2694DAE60}.Release|Any CPU.Build.0 = Release|Any CPU
	EndGlobalSection
	GlobalSection(SolutionProperties) = preSolution
		HideSolutionNode = FALSE
	EndGlobalSection
	GlobalSection(ExtensibilityGlobals) = postSolution
		SolutionGuid = {CA5EBCFF-CE08-4305-BD2C-641ACCF9FB60}
	EndGlobalSection
EndGlobal
